{
  "name": "three3d",
  "version": "1.0.0",
  "lockfileVersion": 3,
  "requires": true,
  "packages": {
    "": {
      "name": "three3d",
      "version": "1.0.0",
      "license": "ISC",
      "dependencies": {
        "@azure/msal-browser": "^5.16.0",
        "three": "^0.160.0"
      }
    },
    "node_modules/@azure/msal-browser": {
      "version": "5.16.0",
      "resolved": "https://registry.npmjs.org/@azure/msal-browser/-/msal-browser-5.16.0.tgz",
      "integrity": "sha512-Wc75FGnQgYpsm5jsOqn1H8AXsh8vXruA6vwip1nhjrJxwby7juxKAIVLr7csepmHiwdZGr6EwI5BlSc3PizEtQ==",
      "license": "MIT",
      "dependencies": {
        "@azure/msal-common": "16.11.0"
      },
      "engines": {
        "node": ">=0.8.0"
      }
    },
    "node_modules/@azure/msal-common": {
      "version": "16.11.0",
      "resolved": "https://registry.npmjs.org/@azure/msal-common/-/msal-common-16.11.0.tgz",
      "integrity": "sha512-UikJOtMwkFpZNzTH6Dqk8UTUPbow15zH3e0UjGYZy69lYENW/S05gMLhbxI2eonz66uALhIljvhsSMEb6+O30g==",
      "license": "MIT",
      "engines": {
        "node": ">=0.8.0"
      }
    },
    "node_modules/three": {
      "version": "0.160.0",
      "resolved": "https://registry.npmjs.org/three/-/three-0.160.0.tgz",
      "integrity": "sha512-DLU8lc0zNIPkM7rH5/e1Ks1Z8tWCGRq6g8mPowdDJpw1CFBJMU7UoJjC6PefXW7z//SSl0b2+GCw14LB+uDhng==",
      "license": "MIT"
    }
  }
}
